
Microsoft Visual Studio Solution File, Format Version 12.00
# Visual Studio Version 17
VisualStudioVersion = 17.1.32407.343
MinimumVisualStudioVersion = 10.0.40219.1
Project("{9A19103F-16F7-4668-BE54-9A1E7A4F7556}") = "AzureFunctionsSample.Test", "AzureFunctionsSample.Test\AzureFunctionsSample.Test.csproj", "{0AA998F1-2FE0-4FF7-A4E0-44E70807427B}"
EndProject
Project("{FAE04EC0-301F-11D3-BF4B-00C04F79EFBC}") = "AzFunctionsSample", "AzFunctionsSample\AzFunctionsSample.csproj", "{566F43D7-511A-48E7-BFBD-0D583529D2D1}"
EndProject
Global
	GlobalSection(SolutionConfigurationPlatforms) = preSolution
		Debug|Any CPU = Debug|Any CPU
		Release|Any CPU = Release|Any CPU
	EndGlobalSection
	GlobalSection(ProjectConfigurationPlatforms) = postSolution
		{0AA998F1-2FE0-4FF7-A4E0-44E70807427B}.Debug|Any CPU.ActiveCfg = Debug|Any CPU
		{0AA998F1-2FE0-4FF7-A4E0-44E70807427B}.Debug|Any CPU.Build.0 = Debug|Any CPU
		{0AA998F1-2FE0-4FF7-A4E0-44E70807427B}.Release|Any CPU.ActiveCfg = Release|Any CPU
		{0AA998F1-2FE0-4FF7-A4E0-44E70807427B}.Release|Any CPU.Build.0 = Release|Any CPU
		{566F43D7-511A-48E7-BFBD-0D583529D2D1}.Debug|Any CPU.ActiveCfg = Debug|Any CPU
		{566F43D7-511A-48E7-BFBD-0D583529D2D1}.Debug|Any CPU.Build.0 = Debug|Any CPU
		{566F43D7-511A-48E7-BFBD-0D583529D2D1}.Release|Any CPU.ActiveCfg = Release|Any CPU
		{566F43D7-511A-48E7-BFBD-0D583529D2D1}.Release|Any CPU.Build.0 = Release|Any CPU
	EndGlobalSection
	GlobalSection(SolutionProperties) = preSolution
		HideSolutionNode = FALSE
	EndGlobalSection
	GlobalSection(ExtensibilityGlobals) = postSolution
		SolutionGuid = {75E7F38E-2DA8-466C-BE8D-A98C4158D21E}
	EndGlobalSection
EndGlobal
